
Microsoft Visual Studio Solution File, Format Version 12.00
# Visual Studio Version 16
VisualStudioVersion = 16.0.30907.101
MinimumVisualStudioVersion = 10.0.40219.1
Project("{FAE04EC0-301F-11D3-BF4B-00C04F79EFBC}") = "ClassMetotDemo", "ClassMetotDemo\ClassMetotDemo.csproj", "{377DB530-FE9E-4160-A5F2-E0CA88A60D62}"
EndProject
Global
	GlobalSection(SolutionConfigurationPlatforms) = preSolution
		Debug|Any CPU = Debug|Any CPU
		Release|Any CPU = Release|Any CPU
	EndGlobalSection
	GlobalSection(ProjectConfigurationPlatforms) = postSolution
		{377DB530-FE9E-4160-A5F2-E0CA88A60D62}.Debug|Any CPU.ActiveCfg = Debug|Any CPU
		{377DB530-FE9E-4160-A5F2-E0CA88A60D62}.Debug|Any CPU.Build.0 = Debug|Any CPU
		{377DB530-FE9E-4160-A5F2-E0CA88A60D62}.Release|Any CPU.ActiveCfg = Release|Any CPU
		{377DB530-FE9E-4160-A5F2-E0CA88A60D62}.Release|Any CPU.Build.0 = Release|Any CPU
	EndGlobalSection
	GlobalSection(SolutionProperties) = preSolution
		HideSolutionNode = FALSE
	EndGlobalSection
	GlobalSection(ExtensibilityGlobals) = postSolution
		SolutionGuid = {EB45BAA0-A1F8-408A-85AF-8C265D62376F}
	EndGlobalSection
EndGlobal
